// !$*UTF8*$!
{
	archiveVersion = 1;
	classes = {
	};
	objectVersion = 50;
	objects = {

/* Begin PBXBuildFile section */
		254C985125E6DC28009D65B5 /* AppDelegate.swift in Sources */ = {isa = PBXBuildFile; fileRef = 254C985025E6DC28009D65B5 /* AppDelegate.swift */; };
		254C985325E6DC28009D65B5 /* SceneDelegate.swift in Sources */ = {isa = PBXBuildFile; fileRef = 254C985225E6DC28009D65B5 /* SceneDelegate.swift */; };
		254C985525E6DC28009D65B5 /* HomeViewController.swift in Sources */ = {isa = PBXBuildFile; fileRef = 254C985425E6DC28009D65B5 /* HomeViewController.swift */; };
		254C985825E6DC28009D65B5 /* Main.storyboard in Resources */ = {isa = PBXBuildFile; fileRef = 254C985625E6DC28009D65B5 /* Main.storyboard */; };
		254C985A25E6DC29009D65B5 /* Assets.xcassets in Resources */ = {isa = PBXBuildFile; fileRef = 254C985925E6DC29009D65B5 /* Assets.xcassets */; };
		254C985D25E6DC29009D65B5 /* LaunchScreen.storyboard in Resources */ = {isa = PBXBuildFile; fileRef = 254C985B25E6DC29009D65B5 /* LaunchScreen.storyboard */; };
		254C986825E6DC29009D65B5 /* DailiesIRLTests.swift in Sources */ = {isa = PBXBuildFile; fileRef = 254C986725E6DC29009D65B5 /* DailiesIRLTests.swift */; };
		254C987325E6DC29009D65B5 /* DailiesIRLUITests.swift in Sources */ = {isa = PBXBuildFile; fileRef = 254C987225E6DC29009D65B5 /* DailiesIRLUITests.swift */; };
		254C988E25E6FA86009D65B5 /* NaiveDaily.swift in Sources */ = {isa = PBXBuildFile; fileRef = 254C988D25E6FA86009D65B5 /* NaiveDaily.swift */; };
		254C989625E701A3009D65B5 /* DataFetcher.swift in Sources */ = {isa = PBXBuildFile; fileRef = 254C989525E701A3009D65B5 /* DataFetcher.swift */; };
		254C989B25EA16FA009D65B5 /* DailyStore.swift in Sources */ = {isa = PBXBuildFile; fileRef = 254C989A25EA16FA009D65B5 /* DailyStore.swift */; };
/* End PBXBuildFile section */

/* Begin PBXContainerItemProxy section */
		254C986425E6DC29009D65B5 /* PBXContainerItemProxy */ = {
			isa = PBXContainerItemProxy;
			containerPortal = 254C984525E6DC27009D65B5 /* Project object */;
			proxyType = 1;
			remoteGlobalIDString = 254C984C25E6DC27009D65B5;
			remoteInfo = DailiesIRL;
		};
		254C986F25E6DC29009D65B5 /* PBXContainerItemProxy */ = {
			isa = PBXContainerItemProxy;
			containerPortal = 254C984525E6DC27009D65B5 /* Project object */;
			proxyType = 1;
			remoteGlobalIDString = 254C984C25E6DC27009D65B5;
			remoteInfo = DailiesIRL;
		};
/* End PBXContainerItemProxy section */

/* Begin PBXFileReference section */
		254C984D25E6DC28009D65B5 /* DailiesIRL.app */ = {isa = PBXFileReference; explicitFileType = wrapper.application; includeInIndex = 0; path = DailiesIRL.app; sourceTree = BUILT_PRODUCTS_DIR; };
		254C985025E6DC28009D65B5 /* AppDelegate.swift */ = {isa = PBXFileReference; lastKnownFileType = sourcecode.swift; path = AppDelegate.swift; sourceTree = "<group>"; };
		254C985225E6DC28009D65B5 /* SceneDelegate.swift */ = {isa = PBXFileReference; lastKnownFileType = sourcecode.swift; path = SceneDelegate.swift; sourceTree = "<group>"; };
		254C985425E6DC28009D65B5 /* HomeViewController.swift */ = {isa = PBXFileReference; lastKnownFileType = sourcecode.swift; path = HomeViewController.swift; sourceTree = "<group>"; };
		254C985725E6DC28009D65B5 /* Base */ = {isa = PBXFileReference; lastKnownFileType = file.storyboard; name = Base; path = Base.lproj/Main.storyboard; sourceTree = "<group>"; };
		254C985925E6DC29009D65B5 /* Assets.xcassets */ = {isa = PBXFileReference; lastKnownFileType = folder.assetcatalog; path = Assets.xcassets; sourceTree = "<group>"; };
		254C985C25E6DC29009D65B5 /* Base */ = {isa = PBXFileReference; lastKnownFileType = file.storyboard; name = Base; path = Base.lproj/LaunchScreen.storyboard; sourceTree = "<group>"; };
		254C985E25E6DC29009D65B5 /* Info.plist */ = {isa = PBXFileReference; lastKnownFileType = text.plist.xml; path = Info.plist; sourceTree = "<group>"; };
		254C986325E6DC29009D65B5 /* DailiesIRLTests.xctest */ = {isa = PBXFileReference; explicitFileType = wrapper.cfbundle; includeInIndex = 0; path = DailiesIRLTests.xctest; sourceTree = BUILT_PRODUCTS_DIR; };
		254C986725E6DC29009D65B5 /* DailiesIRLTests.swift */ = {isa = PBXFileReference; lastKnownFileType = sourcecode.swift; path = DailiesIRLTests.swift; sourceTree = "<group>"; };
		254C986925E6DC29009D65B5 /* Info.plist */ = {isa = PBXFileReference; lastKnownFileType = text.plist.xml; path = Info.plist; sourceTree = "<group>"; };
		254C986E25E6DC29009D65B5 /* DailiesIRLUITests.xctest */ = {isa = PBXFileReference; explicitFileType = wrapper.cfbundle; includeInIndex = 0; path = DailiesIRLUITests.xctest; sourceTree = BUILT_PRODUCTS_DIR; };
		254C987225E6DC29009D65B5 /* DailiesIRLUITests.swift */ = {isa = PBXFileReference; lastKnownFileType = sourcecode.swift; path = DailiesIRLUITests.swift; sourceTree = "<group>"; };
		254C987425E6DC29009D65B5 /* Info.plist */ = {isa = PBXFileReference; lastKnownFileType = text.plist.xml; path = Info.plist; sourceTree = "<group>"; };
		254C988D25E6FA86009D65B5 /* NaiveDaily.swift */ = {isa = PBXFileReference; lastKnownFileType = sourcecode.swift; path = NaiveDaily.swift; sourceTree = "<group>"; };
		254C989525E701A3009D65B5 /* DataFetcher.swift */ = {isa = PBXFileReference; lastKnownFileType = sourcecode.swift; path = DataFetcher.swift; sourceTree = "<group>"; };
		254C989A25EA16FA009D65B5 /* DailyStore.swift */ = {isa = PBXFileReference; lastKnownFileType = sourcecode.swift; path = DailyStore.swift; sourceTree = "<group>"; };
/* End PBXFileReference section */

/* Begin PBXFrameworksBuildPhase section */
		254C984A25E6DC27009D65B5 /* Frameworks */ = {
			isa = PBXFrameworksBuildPhase;
			buildActionMask = 2147483647;
			files = (
			);
			runOnlyForDeploymentPostprocessing = 0;
		};
		254C986025E6DC29009D65B5 /* Frameworks */ = {
			isa = PBXFrameworksBuildPhase;
			buildActionMask = 2147483647;
			files = (
			);
			runOnlyForDeploymentPostprocessing = 0;
		};
		254C986B25E6DC29009D65B5 /* Frameworks */ = {
			isa = PBXFrameworksBuildPhase;
			buildActionMask = 2147483647;
			files = (
			);
			runOnlyForDeploymentPostprocessing = 0;
		};
/* End PBXFrameworksBuildPhase section */

/* Begin PBXGroup section */
		254C984425E6DC27009D65B5 = {
			isa = PBXGroup;
			children = (
				254C984F25E6DC28009D65B5 /* DailiesIRL */,
				254C986625E6DC29009D65B5 /* DailiesIRLTests */,
				254C987125E6DC29009D65B5 /* DailiesIRLUITests */,
				254C984E25E6DC28009D65B5 /* Products */,
			);
			sourceTree = "<group>";
		};
		254C984E25E6DC28009D65B5 /* Products */ = {
			isa = PBXGroup;
			children = (
				254C984D25E6DC28009D65B5 /* DailiesIRL.app */,
				254C986325E6DC29009D65B5 /* DailiesIRLTests.xctest */,
				254C986E25E6DC29009D65B5 /* DailiesIRLUITests.xctest */,
			);
			name = Products;
			sourceTree = "<group>";
		};
		254C984F25E6DC28009D65B5 /* DailiesIRL */ = {
			isa = PBXGroup;
			children = (
				254C98AD25F093B2009D65B5 /* Utilities_Services */,
				254C988C25E6FA6E009D65B5 /* Global Models */,
				254C98A825F088E6009D65B5 /* Scenes */,
				254C985025E6DC28009D65B5 /* AppDelegate.swift */,
				254C985225E6DC28009D65B5 /* SceneDelegate.swift */,
				254C985625E6DC28009D65B5 /* Main.storyboard */,
				254C985925E6DC29009D65B5 /* Assets.xcassets */,
				254C985B25E6DC29009D65B5 /* LaunchScreen.storyboard */,
				254C985E25E6DC29009D65B5 /* Info.plist */,
			);
			path = DailiesIRL;
			sourceTree = "<group>";
		};
		254C986625E6DC29009D65B5 /* DailiesIRLTests */ = {
			isa = PBXGroup;
			children = (
				254C986725E6DC29009D65B5 /* DailiesIRLTests.swift */,
				254C986925E6DC29009D65B5 /* Info.plist */,
			);
			path = DailiesIRLTests;
			sourceTree = "<group>";
		};
		254C987125E6DC29009D65B5 /* DailiesIRLUITests */ = {
			isa = PBXGroup;
			children = (
				254C987225E6DC29009D65B5 /* DailiesIRLUITests.swift */,
				254C987425E6DC29009D65B5 /* Info.plist */,
			);
			path = DailiesIRLUITests;
			sourceTree = "<group>";
		};
		254C988C25E6FA6E009D65B5 /* Global Models */ = {
			isa = PBXGroup;
			children = (
				254C988D25E6FA86009D65B5 /* NaiveDaily.swift */,
				254C989A25EA16FA009D65B5 /* DailyStore.swift */,
			);
			path = "Global Models";
			sourceTree = "<group>";
		};
		254C98A825F088E6009D65B5 /* Scenes */ = {
			isa = PBXGroup;
			children = (
				254C98A925F08CAF009D65B5 /* Home */,
			);
			path = Scenes;
			sourceTree = "<group>";
		};
		254C98A925F08CAF009D65B5 /* Home */ = {
			isa = PBXGroup;
			children = (
				254C985425E6DC28009D65B5 /* HomeViewController.swift */,
			);
			path = Home;
			sourceTree = "<group>";
		};
		254C98AD25F093B2009D65B5 /* Utilities_Services */ = {
			isa = PBXGroup;
			children = (
				254C989525E701A3009D65B5 /* DataFetcher.swift */,
			);
			path = Utilities_Services;
			sourceTree = "<group>";
		};
/* End PBXGroup section */

/* Begin PBXNativeTarget section */
		254C984C25E6DC27009D65B5 /* DailiesIRL */ = {
			isa = PBXNativeTarget;
			buildConfigurationList = 254C987725E6DC29009D65B5 /* Build configuration list for PBXNativeTarget "DailiesIRL" */;
			buildPhases = (
				254C984925E6DC27009D65B5 /* Sources */,
				254C984A25E6DC27009D65B5 /* Frameworks */,
				254C984B25E6DC27009D65B5 /* Resources */,
			);
			buildRules = (
			);
			dependencies = (
			);
			name = DailiesIRL;
			productName = DailiesIRL;
			productReference = 254C984D25E6DC28009D65B5 /* DailiesIRL.app */;
			productType = "com.apple.product-type.application";
		};
		254C986225E6DC29009D65B5 /* DailiesIRLTests */ = {
			isa = PBXNativeTarget;
			buildConfigurationList = 254C987A25E6DC29009D65B5 /* Build configuration list for PBXNativeTarget "DailiesIRLTests" */;
			buildPhases = (
				254C985F25E6DC29009D65B5 /* Sources */,
				254C986025E6DC29009D65B5 /* Frameworks */,
				254C986125E6DC29009D65B5 /* Resources */,
			);
			buildRules = (
			);
			dependencies = (
				254C986525E6DC29009D65B5 /* PBXTargetDependency */,
			);
			name = DailiesIRLTests;
			productName = DailiesIRLTests;
			productReference = 254C986325E6DC29009D65B5 /* DailiesIRLTests.xctest */;
			productType = "com.apple.product-type.bundle.unit-test";
		};
		254C986D25E6DC29009D65B5 /* DailiesIRLUITests */ = {
			isa = PBXNativeTarget;
			buildConfigurationList = 254C987D25E6DC29009D65B5 /* Build configuration list for PBXNativeTarget "DailiesIRLUITests" */;
			buildPhases = (
				254C986A25E6DC29009D65B5 /* Sources */,
				254C986B25E6DC29009D65B5 /* Frameworks */,
				254C986C25E6DC29009D65B5 /* Resources */,
			);
			buildRules = (
			);
			dependencies = (
				254C987025E6DC29009D65B5 /* PBXTargetDependency */,
			);
			name = DailiesIRLUITests;
			productName = DailiesIRLUITests;
			productReference = 254C986E25E6DC29009D65B5 /* DailiesIRLUITests.xctest */;
			productType = "com.apple.product-type.bundle.ui-testing";
		};
/* End PBXNativeTarget section */

/* Begin PBXProject section */
		254C984525E6DC27009D65B5 /* Project object */ = {
			isa = PBXProject;
			attributes = {
				LastSwiftUpdateCheck = 1230;
				LastUpgradeCheck = 1230;
				TargetAttributes = {
					254C984C25E6DC27009D65B5 = {
						CreatedOnToolsVersion = 12.3;
					};
					254C986225E6DC29009D65B5 = {
						CreatedOnToolsVersion = 12.3;
						TestTargetID = 254C984C25E6DC27009D65B5;
					};
					254C986D25E6DC29009D65B5 = {
						CreatedOnToolsVersion = 12.3;
						TestTargetID = 254C984C25E6DC27009D65B5;
					};
				};
			};
			buildConfigurationList = 254C984825E6DC27009D65B5 /* Build configuration list for PBXProject "DailiesIRL" */;
			compatibilityVersion = "Xcode 9.3";
			developmentRegion = en;
			hasScannedForEncodings = 0;
			knownRegions = (
				en,
				Base,
			);
			mainGroup = 254C984425E6DC27009D65B5;
			productRefGroup = 254C984E25E6DC28009D65B5 /* Products */;
			projectDirPath = "";
			projectRoot = "";
			targets = (
				254C984C25E6DC27009D65B5 /* DailiesIRL */,
				254C986225E6DC29009D65B5 /* DailiesIRLTests */,
				254C986D25E6DC29009D65B5 /* DailiesIRLUITests */,
			);
		};
/* End PBXProject section */

/* Begin PBXResourcesBuildPhase section */
		254C984B25E6DC27009D65B5 /* Resources */ = {
			isa = PBXResourcesBuildPhase;
			buildActionMask = 2147483647;
			files = (
				254C985D25E6DC29009D65B5 /* LaunchScreen.storyboard in Resources */,
				254C985A25E6DC29009D65B5 /* Assets.xcassets in Resources */,
				254C985825E6DC28009D65B5 /* Main.storyboard in Resources */,
			);
			runOnlyForDeploymentPostprocessing = 0;
		};
		254C986125E6DC29009D65B5 /* Resources */ = {
			isa = PBXResourcesBuildPhase;
			buildActionMask = 2147483647;
			files = (
			);
			runOnlyForDeploymentPostprocessing = 0;
		};
		254C986C25E6DC29009D65B5 /* Resources */ = {
			isa = PBXResourcesBuildPhase;
			buildActionMask = 2147483647;
			files = (
			);
			runOnlyForDeploymentPostprocessing = 0;
		};
/* End PBXResourcesBuildPhase section */

/* Begin PBXSourcesBuildPhase section */
		254C984925E6DC27009D65B5 /* Sources */ = {
			isa = PBXSourcesBuildPhase;
			buildActionMask = 2147483647;
			files = (
				254C989625E701A3009D65B5 /* DataFetcher.swift in Sources */,
				254C985525E6DC28009D65B5 /* HomeViewController.swift in Sources */,
				254C985125E6DC28009D65B5 /* AppDelegate.swift in Sources */,
				254C985325E6DC28009D65B5 /* SceneDelegate.swift in Sources */,
				254C988E25E6FA86009D65B5 /* NaiveDaily.swift in Sources */,
				254C989B25EA16FA009D65B5 /* DailyStore.swift in Sources */,
			);
			runOnlyForDeploymentPostprocessing = 0;
		};
		254C985F25E6DC29009D65B5 /* Sources */ = {
			isa = PBXSourcesBuildPhase;
			buildActionMask = 2147483647;
			files = (
				254C986825E6DC29009D65B5 /* DailiesIRLTests.swift in Sources */,
			);
			runOnlyForDeploymentPostprocessing = 0;
		};
		254C986A25E6DC29009D65B5 /* Sources */ = {
			isa = PBXSourcesBuildPhase;
			buildActionMask = 2147483647;
			files = (
				254C987325E6DC29009D65B5 /* DailiesIRLUITests.swift in Sources */,
			);
			runOnlyForDeploymentPostprocessing = 0;
		};
/* End PBXSourcesBuildPhase section */

/* Begin PBXTargetDependency section */
		254C986525E6DC29009D65B5 /* PBXTargetDependency */ = {
			isa = PBXTargetDependency;
			target = 254C984C25E6DC27009D65B5 /* DailiesIRL */;
			targetProxy = 254C986425E6DC29009D65B5 /* PBXContainerItemProxy */;
		};
		254C987025E6DC29009D65B5 /* PBXTargetDependency */ = {
			isa = PBXTargetDependency;
			target = 254C984C25E6DC27009D65B5 /* DailiesIRL */;
			targetProxy = 254C986F25E6DC29009D65B5 /* PBXContainerItemProxy */;
		};
/* End PBXTargetDependency section */

/* Begin PBXVariantGroup section */
		254C985625E6DC28009D65B5 /* Main.storyboard */ = {
			isa = PBXVariantGroup;
			children = (
				254C985725E6DC28009D65B5 /* Base */,
			);
			name = Main.storyboard;
			sourceTree = "<group>";
		};
		254C985B25E6DC29009D65B5 /* LaunchScreen.storyboard */ = {
			isa = PBXVariantGroup;
			children = (
				254C985C25E6DC29009D65B5 /* Base */,
			);
			name = LaunchScreen.storyboard;
			sourceTree = "<group>";
		};
/* End PBXVariantGroup section */

/* Begin XCBuildConfiguration section */
		254C987525E6DC29009D65B5 /* Debug */ = {
			isa = XCBuildConfiguration;
			buildSettings = {
				ALWAYS_SEARCH_USER_PATHS = NO;
				CLANG_ANALYZER_NONNULL = YES;
				CLANG_ANALYZER_NUMBER_OBJECT_CONVERSION = YES_AGGRESSIVE;
				CLANG_CXX_LANGUAGE_STANDARD = "gnu++14";
				CLANG_CXX_LIBRARY = "libc++";
				CLANG_ENABLE_MODULES = YES;
				CLANG_ENABLE_OBJC_ARC = YES;
				CLANG_ENABLE_OBJC_WEAK = YES;
				CLANG_WARN_BLOCK_CAPTURE_AUTORELEASING = YES;
				CLANG_WARN_BOOL_CONVERSION = YES;
				CLANG_WARN_COMMA = YES;
				CLANG_WARN_CONSTANT_CONVERSION = YES;
				CLANG_WARN_DEPRECATED_OBJC_IMPLEMENTATIONS = YES;
				CLANG_WARN_DIRECT_OBJC_ISA_USAGE = YES_ERROR;
				CLANG_WARN_DOCUMENTATION_COMMENTS = YES;
				CLANG_WARN_EMPTY_BODY = YES;
				CLANG_WARN_ENUM_CONVERSION = YES;
				CLANG_WARN_INFINITE_RECURSION = YES;
				CLANG_WARN_INT_CONVERSION = YES;
				CLANG_WARN_NON_LITERAL_NULL_CONVERSION = YES;
				CLANG_WARN_OBJC_IMPLICIT_RETAIN_SELF = YES;
				CLANG_WARN_OBJC_LITERAL_CONVERSION = YES;
				CLANG_WARN_OBJC_ROOT_CLASS = YES_ERROR;
				CLANG_WARN_QUOTED_INCLUDE_IN_FRAMEWORK_HEADER = YES;
				CLANG_WARN_RANGE_LOOP_ANALYSIS = YES;
				CLANG_WARN_STRICT_PROTOTYPES = YES;
				CLANG_WARN_SUSPICIOUS_MOVE = YES;
				CLANG_WARN_UNGUARDED_AVAILABILITY = YES_AGGRESSIVE;
				CLANG_WARN_UNREACHABLE_CODE = YES;
				CLANG_WARN__DUPLICATE_METHOD_MATCH = YES;
				COPY_PHASE_STRIP = NO;
				DEBUG_INFORMATION_FORMAT = dwarf;
				ENABLE_STRICT_OBJC_MSGSEND = YES;
				ENABLE_TESTABILITY = YES;
				GCC_C_LANGUAGE_STANDARD = gnu11;
				GCC_DYNAMIC_NO_PIC = NO;
				GCC_NO_COMMON_BLOCKS = YES;
				GCC_OPTIMIZATION_LEVEL = 0;
				GCC_PREPROCESSOR_DEFINITIONS = (
					"DEBUG=1",
					"$(inherited)",
				);
				GCC_WARN_64_TO_32_BIT_CONVERSION = YES;
				GCC_WARN_ABOUT_RETURN_TYPE = YES_ERROR;
				GCC_WARN_UNDECLARED_SELECTOR = YES;
				GCC_WARN_UNINITIALIZED_AUTOS = YES_AGGRESSIVE;
				GCC_WARN_UNUSED_FUNCTION = YES;
				GCC_WARN_UNUSED_VARIABLE = YES;
				IPHONEOS_DEPLOYMENT_TARGET = 14.3;
				MTL_ENABLE_DEBUG_INFO = INCLUDE_SOURCE;
				MTL_FAST_MATH = YES;
				ONLY_ACTIVE_ARCH = YES;
				SDKROOT = iphoneos;
				SWIFT_ACTIVE_COMPILATION_CONDITIONS = DEBUG;
				SWIFT_OPTIMIZATION_LEVEL = "-Onone";
			};
			name = Debug;
		};
		254C987625E6DC29009D65B5 /* Release */ = {
			isa = XCBuildConfiguration;
			buildSettings = {
				ALWAYS_SEARCH_USER_PATHS = NO;
				CLANG_ANALYZER_NONNULL = YES;
				CLANG_ANALYZER_NUMBER_OBJECT_CONVERSION = YES_AGGRESSIVE;
				CLANG_CXX_LANGUAGE_STANDARD = "gnu++14";
				CLANG_CXX_LIBRARY = "libc++";
				CLANG_ENABLE_MODULES = YES;
				CLANG_ENABLE_OBJC_ARC = YES;
				CLANG_ENABLE_OBJC_WEAK = YES;
				CLANG_WARN_BLOCK_CAPTURE_AUTORELEASING = YES;
				CLANG_WARN_BOOL_CONVERSION = YES;
				CLANG_WARN_COMMA = YES;
				CLANG_WARN_CONSTANT_CONVERSION = YES;
				CLANG_WARN_DEPRECATED_OBJC_IMPLEMENTATIONS = YES;
				CLANG_WARN_DIRECT_OBJC_ISA_USAGE = YES_ERROR;
				CLANG_WARN_DOCUMENTATION_COMMENTS = YES;
				CLANG_WARN_EMPTY_BODY = YES;
				CLANG_WARN_ENUM_CONVERSION = YES;
				CLANG_WARN_INFINITE_RECURSION = YES;
				CLANG_WARN_INT_CONVERSION = YES;
				CLANG_WARN_NON_LITERAL_NULL_CONVERSION = YES;
				CLANG_WARN_OBJC_IMPLICIT_RETAIN_SELF = YES;
				CLANG_WARN_OBJC_LITERAL_CONVERSION = YES;
				CLANG_WARN_OBJC_ROOT_CLASS = YES_ERROR;
				CLANG_WARN_QUOTED_INCLUDE_IN_FRAMEWORK_HEADER = YES;
				CLANG_WARN_RANGE_LOOP_ANALYSIS = YES;
				CLANG_WARN_STRICT_PROTOTYPES = YES;
				CLANG_WARN_SUSPICIOUS_MOVE = YES;
				CLANG_WARN_UNGUARDED_AVAILABILITY = YES_AGGRESSIVE;
				CLANG_WARN_UNREACHABLE_CODE = YES;
				CLANG_WARN__DUPLICATE_METHOD_MATCH = YES;
				COPY_PHASE_STRIP = NO;
				DEBUG_INFORMATION_FORMAT = "dwarf-with-dsym";
				ENABLE_NS_ASSERTIONS = NO;
				ENABLE_STRICT_OBJC_MSGSEND = YES;
				GCC_C_LANGUAGE_STANDARD = gnu11;
				GCC_NO_COMMON_BLOCKS = YES;
				GCC_WARN_64_TO_32_BIT_CONVERSION = YES;
				GCC_WARN_ABOUT_RETURN_TYPE = YES_ERROR;
				GCC_WARN_UNDECLARED_SELECTOR = YES;
				GCC_WARN_UNINITIALIZED_AUTOS = YES_AGGRESSIVE;
				GCC_WARN_UNUSED_FUNCTION = YES;
				GCC_WARN_UNUSED_VARIABLE = YES;
				IPHONEOS_DEPLOYMENT_TARGET = 14.3;
				MTL_ENABLE_DEBUG_INFO = NO;
				MTL_FAST_MATH = YES;
				SDKROOT = iphoneos;
				SWIFT_COMPILATION_MODE = wholemodule;
				SWIFT_OPTIMIZATION_LEVEL = "-O";
				VALIDATE_PRODUCT = YES;
			};
			name = Release;
		};
		254C987825E6DC29009D65B5 /* Debug */ = {
			isa = XCBuildConfiguration;
			buildSettings = {
				ASSETCATALOG_COMPILER_APPICON_NAME = AppIcon;
				ASSETCATALOG_COMPILER_GLOBAL_ACCENT_COLOR_NAME = AccentColor;
				CODE_SIGN_STYLE = Automatic;
				DEVELOPMENT_TEAM = SR9JU2F547;
				INFOPLIST_FILE = DailiesIRL/Info.plist;
				LD_RUNPATH_SEARCH_PATHS = (
					"$(inherited)",
					"@executable_path/Frameworks",
				);
				PRODUCT_BUNDLE_IDENTIFIER = com.KV.DailiesIRL;
				PRODUCT_NAME = "$(TARGET_NAME)";
				SWIFT_VERSION = 5.0;
				TARGETED_DEVICE_FAMILY = "1,2";
			};
			name = Debug;
		};
		254C987925E6DC29009D65B5 /* Release */ = {
			isa = XCBuildConfiguration;
			buildSettings = {
				ASSETCATALOG_COMPILER_APPICON_NAME = AppIcon;
				ASSETCATALOG_COMPILER_GLOBAL_ACCENT_COLOR_NAME = AccentColor;
				CODE_SIGN_STYLE = Automatic;
				DEVELOPMENT_TEAM = SR9JU2F547;
				INFOPLIST_FILE = DailiesIRL/Info.plist;
				LD_RUNPATH_SEARCH_PATHS = (
					"$(inherited)",
					"@executable_path/Frameworks",
				);
				PRODUCT_BUNDLE_IDENTIFIER = com.KV.DailiesIRL;
				PRODUCT_NAME = "$(TARGET_NAME)";
				SWIFT_VERSION = 5.0;
				TARGETED_DEVICE_FAMILY = "1,2";
			};
			name = Release;
		};
		254C987B25E6DC29009D65B5 /* Debug */ = {
			isa = XCBuildConfiguration;
			buildSettings = {
				ALWAYS_EMBED_SWIFT_STANDARD_LIBRARIES = YES;
				BUNDLE_LOADER = "$(TEST_HOST)";
				CODE_SIGN_STYLE = Automatic;
				DEVELOPMENT_TEAM = SR9JU2F547;
				INFOPLIST_FILE = DailiesIRLTests/Info.plist;
				IPHONEOS_DEPLOYMENT_TARGET = 14.3;
				LD_RUNPATH_SEARCH_PATHS = (
					"$(inherited)",
					"@executable_path/Frameworks",
					"@loader_path/Frameworks",
				);
				PRODUCT_BUNDLE_IDENTIFIER = com.KV.DailiesIRLTests;
				PRODUCT_NAME = "$(TARGET_NAME)";
				SWIFT_VERSION = 5.0;
				TARGETED_DEVICE_FAMILY = "1,2";
				TEST_HOST = "$(BUILT_PRODUCTS_DIR)/DailiesIRL.app/DailiesIRL";
			};
			name = Debug;
		};
		254C987C25E6DC29009D65B5 /* Release */ = {
			isa = XCBuildConfiguration;
			buildSettings = {
				ALWAYS_EMBED_SWIFT_STANDARD_LIBRARIES = YES;
				BUNDLE_LOADER = "$(TEST_HOST)";
				CODE_SIGN_STYLE = Automatic;
				DEVELOPMENT_TEAM = SR9JU2F547;
				INFOPLIST_FILE = DailiesIRLTests/Info.plist;
				IPHONEOS_DEPLOYMENT_TARGET = 14.3;
				LD_RUNPATH_SEARCH_PATHS = (
					"$(inherited)",
					"@executable_path/Frameworks",
					"@loader_path/Frameworks",
				);
				PRODUCT_BUNDLE_IDENTIFIER = com.KV.DailiesIRLTests;
				PRODUCT_NAME = "$(TARGET_NAME)";
				SWIFT_VERSION = 5.0;
				TARGETED_DEVICE_FAMILY = "1,2";
				TEST_HOST = "$(BUILT_PRODUCTS_DIR)/DailiesIRL.app/DailiesIRL";
			};
			name = Release;
		};
		254C987E25E6DC29009D65B5 /* Debug */ = {
			isa = XCBuildConfiguration;
			buildSettings = {
				ALWAYS_EMBED_SWIFT_STANDARD_LIBRARIES = YES;
				CODE_SIGN_STYLE = Automatic;
				DEVELOPMENT_TEAM = SR9JU2F547;
				INFOPLIST_FILE = DailiesIRLUITests/Info.plist;
				LD_RUNPATH_SEARCH_PATHS = (
					"$(inherited)",
					"@executable_path/Frameworks",
					"@loader_path/Frameworks",
				);
				PRODUCT_BUNDLE_IDENTIFIER = com.KV.DailiesIRLUITests;
				PRODUCT_NAME = "$(TARGET_NAME)";
				SWIFT_VERSION = 5.0;
				TARGETED_DEVICE_FAMILY = "1,2";
				TEST_TARGET_NAME = DailiesIRL;
			};
			name = Debug;
		};
		254C987F25E6DC29009D65B5 /* Release */ = {
			isa = XCBuildConfiguration;
			buildSettings = {
				ALWAYS_EMBED_SWIFT_STANDARD_LIBRARIES = YES;
				CODE_SIGN_STYLE = Automatic;
				DEVELOPMENT_TEAM = SR9JU2F547;
				INFOPLIST_FILE = DailiesIRLUITests/Info.plist;
				LD_RUNPATH_SEARCH_PATHS = (
					"$(inherited)",
					"@executable_path/Frameworks",
					"@loader_path/Frameworks",
				);
				PRODUCT_BUNDLE_IDENTIFIER = com.KV.DailiesIRLUITests;
				PRODUCT_NAME = "$(TARGET_NAME)";
				SWIFT_VERSION = 5.0;
				TARGETED_DEVICE_FAMILY = "1,2";
				TEST_TARGET_NAME = DailiesIRL;
			};
			name = Release;
		};
/* End XCBuildConfiguration section */

/* Begin XCConfigurationList section */
		254C984825E6DC27009D65B5 /* Build configuration list for PBXProject "DailiesIRL" */ = {
			isa = XCConfigurationList;
			buildConfigurations = (
				254C987525E6DC29009D65B5 /* Debug */,
				254C987625E6DC29009D65B5 /* Release */,
			);
			defaultConfigurationIsVisible = 0;
			defaultConfigurationName = Release;
		};
		254C987725E6DC29009D65B5 /* Build configuration list for PBXNativeTarget "DailiesIRL" */ = {
			isa = XCConfigurationList;
			buildConfigurations = (
				254C987825E6DC29009D65B5 /* Debug */,
				254C987925E6DC29009D65B5 /* Release */,
			);
			defaultConfigurationIsVisible = 0;
			defaultConfigurationName = Release;
		};
		254C987A25E6DC29009D65B5 /* Build configuration list for PBXNativeTarget "DailiesIRLTests" */ = {
			isa = XCConfigurationList;
			buildConfigurations = (
				254C987B25E6DC29009D65B5 /* Debug */,
				254C987C25E6DC29009D65B5 /* Release */,
			);
			defaultConfigurationIsVisible = 0;
			defaultConfigurationName = Release;
		};
		254C987D25E6DC29009D65B5 /* Build configuration list for PBXNativeTarget "DailiesIRLUITests" */ = {
			isa = XCConfigurationList;
			buildConfigurations = (
				254C987E25E6DC29009D65B5 /* Debug */,
				254C987F25E6DC29009D65B5 /* Release */,
			);
			defaultConfigurationIsVisible = 0;
			defaultConfigurationName = Release;
		};
/* End XCConfigurationList section */
	};
	rootObject = 254C984525E6DC27009D65B5 /* Project object */;
}
